
Microsoft Visual Studio Solution File, Format Version 12.00
# Visual Studio 15
VisualStudioVersion = 15.0.28307.1022
MinimumVisualStudioVersion = 10.0.40219.1
Project("{F184B08F-C81C-45F6-A57F-5ABD9991F28F}") = "ExtractFilesWithProgress", "ExtractFilesWithProgress\ExtractFilesWithProgress.vbproj", "{F8B7BAE5-85C1-420D-A70A-E38F90F1C8B0}"
EndProject
Project("{2150E333-8FDC-42A3-9474-1A3956D46DE8}") = "Solution Items", "Solution Items", "{AC73BF05-73E0-436E-B806-3B94D27D2CB0}"
	ProjectSection(SolutionItems) = preProject
		readme.md = readme.md
	EndProjectSection
EndProject
Global
	GlobalSection(SolutionConfigurationPlatforms) = preSolution
		Debug|Any CPU = Debug|Any CPU
		Release|Any CPU = Release|Any CPU
	EndGlobalSection
	GlobalSection(ProjectConfigurationPlatforms) = postSolution
		{F8B7BAE5-85C1-420D-A70A-E38F90F1C8B0}.Debug|Any CPU.ActiveCfg = Debug|Any CPU
		{F8B7BAE5-85C1-420D-A70A-E38F90F1C8B0}.Debug|Any CPU.Build.0 = Debug|Any CPU
		{F8B7BAE5-85C1-420D-A70A-E38F90F1C8B0}.Release|Any CPU.ActiveCfg = Release|Any CPU
		{F8B7BAE5-85C1-420D-A70A-E38F90F1C8B0}.Release|Any CPU.Build.0 = Release|Any CPU
	EndGlobalSection
	GlobalSection(SolutionProperties) = preSolution
		HideSolutionNode = FALSE
	EndGlobalSection
	GlobalSection(ExtensibilityGlobals) = postSolution
		SolutionGuid = {9EC37E81-2A2E-4291-9A1E-FE1941CAE870}
	EndGlobalSection
EndGlobal
